
Microsoft Visual Studio Solution File, Format Version 12.00
# Visual Studio Version 17
VisualStudioVersion = 17.0.31912.275
MinimumVisualStudioVersion = 10.0.40219.1
Project("{FAE04EC0-301F-11D3-BF4B-00C04F79EFBC}") = "GameApi", "GameApi\GameApi.csproj", "{B349723D-8465-4CED-94A4-E6DDB602C1E5}"
EndProject
Project("{FAE04EC0-301F-11D3-BF4B-00C04F79EFBC}") = "GameSecurityLayer", "GameSecurityLayer\GameSecurityLayer.csproj", "{BAD58AA8-F1DE-473C-80ED-A877657887BC}"
EndProject
Global
	GlobalSection(SolutionConfigurationPlatforms) = preSolution
		Debug|Any CPU = Debug|Any CPU
		Release|Any CPU = Release|Any CPU
	EndGlobalSection
	GlobalSection(ProjectConfigurationPlatforms) = postSolution
		{B349723D-8465-4CED-94A4-E6DDB602C1E5}.Debug|Any CPU.ActiveCfg = Debug|Any CPU
		{B349723D-8465-4CED-94A4-E6DDB602C1E5}.Debug|Any CPU.Build.0 = Debug|Any CPU
		{B349723D-8465-4CED-94A4-E6DDB602C1E5}.Release|Any CPU.ActiveCfg = Release|Any CPU
		{B349723D-8465-4CED-94A4-E6DDB602C1E5}.Release|Any CPU.Build.0 = Release|Any CPU
		{BAD58AA8-F1DE-473C-80ED-A877657887BC}.Debug|Any CPU.ActiveCfg = Debug|Any CPU
		{BAD58AA8-F1DE-473C-80ED-A877657887BC}.Debug|Any CPU.Build.0 = Debug|Any CPU
		{BAD58AA8-F1DE-473C-80ED-A877657887BC}.Release|Any CPU.ActiveCfg = Release|Any CPU
		{BAD58AA8-F1DE-473C-80ED-A877657887BC}.Release|Any CPU.Build.0 = Release|Any CPU
	EndGlobalSection
	GlobalSection(SolutionProperties) = preSolution
		HideSolutionNode = FALSE
	EndGlobalSection
	GlobalSection(ExtensibilityGlobals) = postSolution
		SolutionGuid = {8A141873-9B68-4999-986E-D2CF9C7D93C2}
	EndGlobalSection
EndGlobal
